
Microsoft Visual Studio Solution File, Format Version 12.00
# Visual Studio Version 16
VisualStudioVersion = 16.0.30717.126
MinimumVisualStudioVersion = 10.0.40219.1
Project("{9A19103F-16F7-4668-BE54-9A1E7A4F7556}") = "LittleConsoleHelper", "LittleConsoleHelper.csproj", "{ED31FDE1-0556-4DBA-A4D6-2DDC36A2B025}"
EndProject
Project("{9A19103F-16F7-4668-BE54-9A1E7A4F7556}") = "ConsoleApp4", "..\ConsoleApp4\ConsoleApp4.csproj", "{DC74B030-2B24-41F2-B402-A07E65E32C25}"
EndProject
Project("{9A19103F-16F7-4668-BE54-9A1E7A4F7556}") = "ConsoleApp3", "..\ConsoleApp3\ConsoleApp3.csproj", "{AA00327C-9669-48AA-B556-A0C484102DEC}"
EndProject
Global
	GlobalSection(SolutionConfigurationPlatforms) = preSolution
		Debug|Any CPU = Debug|Any CPU
		Release|Any CPU = Release|Any CPU
	EndGlobalSection
	GlobalSection(ProjectConfigurationPlatforms) = postSolution
		{ED31FDE1-0556-4DBA-A4D6-2DDC36A2B025}.Debug|Any CPU.ActiveCfg = Debug|Any CPU
		{ED31FDE1-0556-4DBA-A4D6-2DDC36A2B025}.Debug|Any CPU.Build.0 = Debug|Any CPU
		{ED31FDE1-0556-4DBA-A4D6-2DDC36A2B025}.Release|Any CPU.ActiveCfg = Release|Any CPU
		{ED31FDE1-0556-4DBA-A4D6-2DDC36A2B025}.Release|Any CPU.Build.0 = Release|Any CPU
		{DC74B030-2B24-41F2-B402-A07E65E32C25}.Debug|Any CPU.ActiveCfg = Debug|Any CPU
		{DC74B030-2B24-41F2-B402-A07E65E32C25}.Debug|Any CPU.Build.0 = Debug|Any CPU
		{DC74B030-2B24-41F2-B402-A07E65E32C25}.Release|Any CPU.ActiveCfg = Release|Any CPU
		{DC74B030-2B24-41F2-B402-A07E65E32C25}.Release|Any CPU.Build.0 = Release|Any CPU
		{AA00327C-9669-48AA-B556-A0C484102DEC}.Debug|Any CPU.ActiveCfg = Debug|Any CPU
		{AA00327C-9669-48AA-B556-A0C484102DEC}.Debug|Any CPU.Build.0 = Debug|Any CPU
		{AA00327C-9669-48AA-B556-A0C484102DEC}.Release|Any CPU.ActiveCfg = Release|Any CPU
		{AA00327C-9669-48AA-B556-A0C484102DEC}.Release|Any CPU.Build.0 = Release|Any CPU
	EndGlobalSection
	GlobalSection(SolutionProperties) = preSolution
		HideSolutionNode = FALSE
	EndGlobalSection
	GlobalSection(ExtensibilityGlobals) = postSolution
		SolutionGuid = {4713FB34-218D-44D4-B69A-28C5B1EDDAF9}
	EndGlobalSection
EndGlobal
