
Microsoft Visual Studio Solution File, Format Version 12.00
# Visual Studio Version 16
VisualStudioVersion = 16.0.30717.126
MinimumVisualStudioVersion = 10.0.40219.1
Project("{9A19103F-16F7-4668-BE54-9A1E7A4F7556}") = "LittleConsoleHelper", "LittleConsoleHelper.csproj", "{ED31FDE1-0556-4DBA-A4D6-2DDC36A2B025}"
EndProject
Project("{FAE04EC0-301F-11D3-BF4B-00C04F79EFBC}") = "ConsoleApp6", "..\ConsoleApp6\ConsoleApp6.csproj", "{E618E2B2-43CB-4E83-8A9D-95848F2DEE5C}"
EndProject
Global
	GlobalSection(SolutionConfigurationPlatforms) = preSolution
		Debug|Any CPU = Debug|Any CPU
		Release|Any CPU = Release|Any CPU
	EndGlobalSection
	GlobalSection(ProjectConfigurationPlatforms) = postSolution
		{ED31FDE1-0556-4DBA-A4D6-2DDC36A2B025}.Debug|Any CPU.ActiveCfg = Debug|Any CPU
		{ED31FDE1-0556-4DBA-A4D6-2DDC36A2B025}.Debug|Any CPU.Build.0 = Debug|Any CPU
		{ED31FDE1-0556-4DBA-A4D6-2DDC36A2B025}.Release|Any CPU.ActiveCfg = Release|Any CPU
		{ED31FDE1-0556-4DBA-A4D6-2DDC36A2B025}.Release|Any CPU.Build.0 = Release|Any CPU
		{E618E2B2-43CB-4E83-8A9D-95848F2DEE5C}.Debug|Any CPU.ActiveCfg = Debug|Any CPU
		{E618E2B2-43CB-4E83-8A9D-95848F2DEE5C}.Debug|Any CPU.Build.0 = Debug|Any CPU
		{E618E2B2-43CB-4E83-8A9D-95848F2DEE5C}.Release|Any CPU.ActiveCfg = Release|Any CPU
		{E618E2B2-43CB-4E83-8A9D-95848F2DEE5C}.Release|Any CPU.Build.0 = Release|Any CPU
	EndGlobalSection
	GlobalSection(SolutionProperties) = preSolution
		HideSolutionNode = FALSE
	EndGlobalSection
	GlobalSection(ExtensibilityGlobals) = postSolution
		SolutionGuid = {4713FB34-218D-44D4-B69A-28C5B1EDDAF9}
	EndGlobalSection
EndGlobal
